
Microsoft Visual Studio Solution File, Format Version 12.00
# Visual Studio Version 17
VisualStudioVersion = 17.5.002.0
MinimumVisualStudioVersion = 10.0.40219.1
Project("{2150E333-8FDC-42A3-9474-1A3956D46DE8}") = "assets", "assets", "{D69CBB00-F0D6-41B7-BF87-98615B6573BF}"
EndProject
Project("{2150E333-8FDC-42A3-9474-1A3956D46DE8}") = "img", "img", "{9D2526E5-E72E-4F4D-A639-AB37AA85237B}"
EndProject
Project("{2150E333-8FDC-42A3-9474-1A3956D46DE8}") = "DotNet", "DotNet", "{7A0AE651-D9C6-46C6-86DE-CE82EA7C01DF}"
EndProject
Project("{9A19103F-16F7-4668-BE54-9A1E7A4F7556}") = "Baitapchuong2", "assets\img\DotNet\Baitapchuong2\Baitapchuong2.csproj", "{9DDAB4FF-E984-44B0-8B6D-86C4F15DF0D9}"
EndProject
Project("{9A19103F-16F7-4668-BE54-9A1E7A4F7556}") = "Baitapchuong3", "assets\img\DotNet\Baitapchuong3\Baitapchuong3.csproj", "{8B6B1314-E0D0-4CA6-85C7-5775CF34F13D}"
EndProject
Global
	GlobalSection(SolutionConfigurationPlatforms) = preSolution
		Debug|Any CPU = Debug|Any CPU
		Release|Any CPU = Release|Any CPU
	EndGlobalSection
	GlobalSection(ProjectConfigurationPlatforms) = postSolution
		{9DDAB4FF-E984-44B0-8B6D-86C4F15DF0D9}.Debug|Any CPU.ActiveCfg = Debug|Any CPU
		{9DDAB4FF-E984-44B0-8B6D-86C4F15DF0D9}.Debug|Any CPU.Build.0 = Debug|Any CPU
		{9DDAB4FF-E984-44B0-8B6D-86C4F15DF0D9}.Release|Any CPU.ActiveCfg = Release|Any CPU
		{9DDAB4FF-E984-44B0-8B6D-86C4F15DF0D9}.Release|Any CPU.Build.0 = Release|Any CPU
		{8B6B1314-E0D0-4CA6-85C7-5775CF34F13D}.Debug|Any CPU.ActiveCfg = Debug|Any CPU
		{8B6B1314-E0D0-4CA6-85C7-5775CF34F13D}.Debug|Any CPU.Build.0 = Debug|Any CPU
		{8B6B1314-E0D0-4CA6-85C7-5775CF34F13D}.Release|Any CPU.ActiveCfg = Release|Any CPU
		{8B6B1314-E0D0-4CA6-85C7-5775CF34F13D}.Release|Any CPU.Build.0 = Release|Any CPU
	EndGlobalSection
	GlobalSection(SolutionProperties) = preSolution
		HideSolutionNode = FALSE
	EndGlobalSection
	GlobalSection(NestedProjects) = preSolution
		{9D2526E5-E72E-4F4D-A639-AB37AA85237B} = {D69CBB00-F0D6-41B7-BF87-98615B6573BF}
		{7A0AE651-D9C6-46C6-86DE-CE82EA7C01DF} = {9D2526E5-E72E-4F4D-A639-AB37AA85237B}
		{9DDAB4FF-E984-44B0-8B6D-86C4F15DF0D9} = {7A0AE651-D9C6-46C6-86DE-CE82EA7C01DF}
		{8B6B1314-E0D0-4CA6-85C7-5775CF34F13D} = {7A0AE651-D9C6-46C6-86DE-CE82EA7C01DF}
	EndGlobalSection
	GlobalSection(ExtensibilityGlobals) = postSolution
		SolutionGuid = {B297F248-8874-48A7-9893-8CBA3F0D0935}
	EndGlobalSection
EndGlobal
